// !$*UTF8*$!
{
	archiveVersion = 1;
	classes = {
	};
	objectVersion = 56;
	objects = {

/* Begin PBXBuildFile section */
		D818B9812AFBDC4F003C9BB6 /* Extensions.swift in Sources */ = {isa = PBXBuildFile; fileRef = D818B9802AFBDC4F003C9BB6 /* Extensions.swift */; };
		D818B9842AFD41D7003C9BB6 /* ImageViewerViewController.swift in Sources */ = {isa = PBXBuildFile; fileRef = D818B9832AFD41D7003C9BB6 /* ImageViewerViewController.swift */; };
		D818B9862AFD426A003C9BB6 /* ImageViewerPresenter.swift in Sources */ = {isa = PBXBuildFile; fileRef = D818B9852AFD426A003C9BB6 /* ImageViewerPresenter.swift */; };
		D818B9882AFD4276003C9BB6 /* ImageViewerInteractor.swift in Sources */ = {isa = PBXBuildFile; fileRef = D818B9872AFD4276003C9BB6 /* ImageViewerInteractor.swift */; };
		D818B98A2AFD428A003C9BB6 /* ImageViewerRouter.swift in Sources */ = {isa = PBXBuildFile; fileRef = D818B9892AFD428A003C9BB6 /* ImageViewerRouter.swift */; };
		D818B98C2AFD4296003C9BB6 /* ImageViewerModuleBuilder.swift in Sources */ = {isa = PBXBuildFile; fileRef = D818B98B2AFD4296003C9BB6 /* ImageViewerModuleBuilder.swift */; };
		D818B98E2AFD44B4003C9BB6 /* ImagesService.swift in Sources */ = {isa = PBXBuildFile; fileRef = D818B98D2AFD44B4003C9BB6 /* ImagesService.swift */; };
		D8323C502AFA8A6700DCA32F /* AppDelegate.swift in Sources */ = {isa = PBXBuildFile; fileRef = D8323C4F2AFA8A6700DCA32F /* AppDelegate.swift */; };
		D8323C522AFA8A6700DCA32F /* SceneDelegate.swift in Sources */ = {isa = PBXBuildFile; fileRef = D8323C512AFA8A6700DCA32F /* SceneDelegate.swift */; };
		D8323C542AFA8A6700DCA32F /* WelcomeViewController.swift in Sources */ = {isa = PBXBuildFile; fileRef = D8323C532AFA8A6700DCA32F /* WelcomeViewController.swift */; };
		D8323C592AFA8A6900DCA32F /* Assets.xcassets in Resources */ = {isa = PBXBuildFile; fileRef = D8323C582AFA8A6900DCA32F /* Assets.xcassets */; };
		D8323C5C2AFA8A6900DCA32F /* LaunchScreen.storyboard in Resources */ = {isa = PBXBuildFile; fileRef = D8323C5A2AFA8A6900DCA32F /* LaunchScreen.storyboard */; };
		D8323C672AFA8BBB00DCA32F /* DateService.swift in Sources */ = {isa = PBXBuildFile; fileRef = D8323C662AFA8BBB00DCA32F /* DateService.swift */; };
		D8323C692AFA8BC700DCA32F /* WeatherService.swift in Sources */ = {isa = PBXBuildFile; fileRef = D8323C682AFA8BC700DCA32F /* WeatherService.swift */; };
		D8323C6C2AFA8D9200DCA32F /* WelcomePresenter.swift in Sources */ = {isa = PBXBuildFile; fileRef = D8323C6B2AFA8D9200DCA32F /* WelcomePresenter.swift */; };
		D8323C6E2AFA8E0A00DCA32F /* WelcomeInteractor.swift in Sources */ = {isa = PBXBuildFile; fileRef = D8323C6D2AFA8E0A00DCA32F /* WelcomeInteractor.swift */; };
		D8323C702AFA8E2F00DCA32F /* WelcomeRouter.swift in Sources */ = {isa = PBXBuildFile; fileRef = D8323C6F2AFA8E2F00DCA32F /* WelcomeRouter.swift */; };
		D8323C722AFA8F2E00DCA32F /* WelcomeModuleBuilder.swift in Sources */ = {isa = PBXBuildFile; fileRef = D8323C712AFA8F2E00DCA32F /* WelcomeModuleBuilder.swift */; };
		D8C2C4E92B172FB800C1B545 /* Button.swift in Sources */ = {isa = PBXBuildFile; fileRef = D8C2C4E82B172FB800C1B545 /* Button.swift */; };
		D8C2C4EB2B17334600C1B545 /* Label.swift in Sources */ = {isa = PBXBuildFile; fileRef = D8C2C4EA2B17334600C1B545 /* Label.swift */; };
/* End PBXBuildFile section */

/* Begin PBXFileReference section */
		D818B9802AFBDC4F003C9BB6 /* Extensions.swift */ = {isa = PBXFileReference; lastKnownFileType = sourcecode.swift; path = Extensions.swift; sourceTree = "<group>"; };
		D818B9832AFD41D7003C9BB6 /* ImageViewerViewController.swift */ = {isa = PBXFileReference; lastKnownFileType = sourcecode.swift; path = ImageViewerViewController.swift; sourceTree = "<group>"; };
		D818B9852AFD426A003C9BB6 /* ImageViewerPresenter.swift */ = {isa = PBXFileReference; lastKnownFileType = sourcecode.swift; path = ImageViewerPresenter.swift; sourceTree = "<group>"; };
		D818B9872AFD4276003C9BB6 /* ImageViewerInteractor.swift */ = {isa = PBXFileReference; lastKnownFileType = sourcecode.swift; path = ImageViewerInteractor.swift; sourceTree = "<group>"; };
		D818B9892AFD428A003C9BB6 /* ImageViewerRouter.swift */ = {isa = PBXFileReference; lastKnownFileType = sourcecode.swift; path = ImageViewerRouter.swift; sourceTree = "<group>"; };
		D818B98B2AFD4296003C9BB6 /* ImageViewerModuleBuilder.swift */ = {isa = PBXFileReference; lastKnownFileType = sourcecode.swift; path = ImageViewerModuleBuilder.swift; sourceTree = "<group>"; };
		D818B98D2AFD44B4003C9BB6 /* ImagesService.swift */ = {isa = PBXFileReference; lastKnownFileType = sourcecode.swift; path = ImagesService.swift; sourceTree = "<group>"; };
		D8323C4C2AFA8A6700DCA32F /* VIPER.app */ = {isa = PBXFileReference; explicitFileType = wrapper.application; includeInIndex = 0; path = VIPER.app; sourceTree = BUILT_PRODUCTS_DIR; };
		D8323C4F2AFA8A6700DCA32F /* AppDelegate.swift */ = {isa = PBXFileReference; lastKnownFileType = sourcecode.swift; path = AppDelegate.swift; sourceTree = "<group>"; };
		D8323C512AFA8A6700DCA32F /* SceneDelegate.swift */ = {isa = PBXFileReference; lastKnownFileType = sourcecode.swift; path = SceneDelegate.swift; sourceTree = "<group>"; };
		D8323C532AFA8A6700DCA32F /* WelcomeViewController.swift */ = {isa = PBXFileReference; lastKnownFileType = sourcecode.swift; path = WelcomeViewController.swift; sourceTree = "<group>"; };
		D8323C582AFA8A6900DCA32F /* Assets.xcassets */ = {isa = PBXFileReference; lastKnownFileType = folder.assetcatalog; path = Assets.xcassets; sourceTree = "<group>"; };
		D8323C5B2AFA8A6900DCA32F /* Base */ = {isa = PBXFileReference; lastKnownFileType = file.storyboard; name = Base; path = Base.lproj/LaunchScreen.storyboard; sourceTree = "<group>"; };
		D8323C5D2AFA8A6900DCA32F /* Info.plist */ = {isa = PBXFileReference; lastKnownFileType = text.plist.xml; path = Info.plist; sourceTree = "<group>"; };
		D8323C662AFA8BBB00DCA32F /* DateService.swift */ = {isa = PBXFileReference; lastKnownFileType = sourcecode.swift; path = DateService.swift; sourceTree = "<group>"; };
		D8323C682AFA8BC700DCA32F /* WeatherService.swift */ = {isa = PBXFileReference; lastKnownFileType = sourcecode.swift; path = WeatherService.swift; sourceTree = "<group>"; };
		D8323C6B2AFA8D9200DCA32F /* WelcomePresenter.swift */ = {isa = PBXFileReference; lastKnownFileType = sourcecode.swift; path = WelcomePresenter.swift; sourceTree = "<group>"; };
		D8323C6D2AFA8E0A00DCA32F /* WelcomeInteractor.swift */ = {isa = PBXFileReference; lastKnownFileType = sourcecode.swift; path = WelcomeInteractor.swift; sourceTree = "<group>"; };
		D8323C6F2AFA8E2F00DCA32F /* WelcomeRouter.swift */ = {isa = PBXFileReference; lastKnownFileType = sourcecode.swift; path = WelcomeRouter.swift; sourceTree = "<group>"; };
		D8323C712AFA8F2E00DCA32F /* WelcomeModuleBuilder.swift */ = {isa = PBXFileReference; lastKnownFileType = sourcecode.swift; path = WelcomeModuleBuilder.swift; sourceTree = "<group>"; };
		D8C2C4E82B172FB800C1B545 /* Button.swift */ = {isa = PBXFileReference; lastKnownFileType = sourcecode.swift; path = Button.swift; sourceTree = "<group>"; };
		D8C2C4EA2B17334600C1B545 /* Label.swift */ = {isa = PBXFileReference; lastKnownFileType = sourcecode.swift; path = Label.swift; sourceTree = "<group>"; };
/* End PBXFileReference section */

/* Begin PBXFrameworksBuildPhase section */
		D8323C492AFA8A6700DCA32F /* Frameworks */ = {
			isa = PBXFrameworksBuildPhase;
			buildActionMask = 2147483647;
			files = (
			);
			runOnlyForDeploymentPostprocessing = 0;
		};
/* End PBXFrameworksBuildPhase section */

/* Begin PBXGroup section */
		D818B97F2AFBDC13003C9BB6 /* Extensions */ = {
			isa = PBXGroup;
			children = (
				D818B9802AFBDC4F003C9BB6 /* Extensions.swift */,
			);
			path = Extensions;
			sourceTree = "<group>";
		};
		D818B9822AFD4148003C9BB6 /* ImageViewer */ = {
			isa = PBXGroup;
			children = (
				D818B9832AFD41D7003C9BB6 /* ImageViewerViewController.swift */,
				D818B9852AFD426A003C9BB6 /* ImageViewerPresenter.swift */,
				D818B9872AFD4276003C9BB6 /* ImageViewerInteractor.swift */,
				D818B9892AFD428A003C9BB6 /* ImageViewerRouter.swift */,
				D818B98B2AFD4296003C9BB6 /* ImageViewerModuleBuilder.swift */,
			);
			path = ImageViewer;
			sourceTree = "<group>";
		};
		D8323C432AFA8A6700DCA32F = {
			isa = PBXGroup;
			children = (
				D8323C4E2AFA8A6700DCA32F /* VIPER */,
				D8323C4D2AFA8A6700DCA32F /* Products */,
			);
			sourceTree = "<group>";
		};
		D8323C4D2AFA8A6700DCA32F /* Products */ = {
			isa = PBXGroup;
			children = (
				D8323C4C2AFA8A6700DCA32F /* VIPER.app */,
			);
			name = Products;
			sourceTree = "<group>";
		};
		D8323C4E2AFA8A6700DCA32F /* VIPER */ = {
			isa = PBXGroup;
			children = (
				D8323C652AFA8BAA00DCA32F /* API */,
				D8323C632AFA8A7300DCA32F /* Application */,
				D818B9822AFD4148003C9BB6 /* ImageViewer */,
				D818B97F2AFBDC13003C9BB6 /* Extensions */,
				D8323C642AFA8A8F00DCA32F /* Resources */,
				D8323C6A2AFA8D7300DCA32F /* Welcome */,
				D8C2C4E82B172FB800C1B545 /* Button.swift */,
				D8C2C4EA2B17334600C1B545 /* Label.swift */,
			);
			path = VIPER;
			sourceTree = "<group>";
		};
		D8323C632AFA8A7300DCA32F /* Application */ = {
			isa = PBXGroup;
			children = (
				D8323C4F2AFA8A6700DCA32F /* AppDelegate.swift */,
				D8323C512AFA8A6700DCA32F /* SceneDelegate.swift */,
			);
			path = Application;
			sourceTree = "<group>";
		};
		D8323C642AFA8A8F00DCA32F /* Resources */ = {
			isa = PBXGroup;
			children = (
				D8323C582AFA8A6900DCA32F /* Assets.xcassets */,
				D8323C5A2AFA8A6900DCA32F /* LaunchScreen.storyboard */,
				D8323C5D2AFA8A6900DCA32F /* Info.plist */,
			);
			path = Resources;
			sourceTree = "<group>";
		};
		D8323C652AFA8BAA00DCA32F /* API */ = {
			isa = PBXGroup;
			children = (
				D8323C662AFA8BBB00DCA32F /* DateService.swift */,
				D8323C682AFA8BC700DCA32F /* WeatherService.swift */,
				D818B98D2AFD44B4003C9BB6 /* ImagesService.swift */,
			);
			path = API;
			sourceTree = "<group>";
		};
		D8323C6A2AFA8D7300DCA32F /* Welcome */ = {
			isa = PBXGroup;
			children = (
				D8323C532AFA8A6700DCA32F /* WelcomeViewController.swift */,
				D8323C6B2AFA8D9200DCA32F /* WelcomePresenter.swift */,
				D8323C6D2AFA8E0A00DCA32F /* WelcomeInteractor.swift */,
				D8323C712AFA8F2E00DCA32F /* WelcomeModuleBuilder.swift */,
				D8323C6F2AFA8E2F00DCA32F /* WelcomeRouter.swift */,
			);
			path = Welcome;
			sourceTree = "<group>";
		};
/* End PBXGroup section */

/* Begin PBXNativeTarget section */
		D8323C4B2AFA8A6700DCA32F /* VIPER */ = {
			isa = PBXNativeTarget;
			buildConfigurationList = D8323C602AFA8A6900DCA32F /* Build configuration list for PBXNativeTarget "VIPER" */;
			buildPhases = (
				D8323C482AFA8A6700DCA32F /* Sources */,
				D8323C492AFA8A6700DCA32F /* Frameworks */,
				D8323C4A2AFA8A6700DCA32F /* Resources */,
			);
			buildRules = (
			);
			dependencies = (
			);
			name = VIPER;
			productName = VIPER;
			productReference = D8323C4C2AFA8A6700DCA32F /* VIPER.app */;
			productType = "com.apple.product-type.application";
		};
/* End PBXNativeTarget section */

/* Begin PBXProject section */
		D8323C442AFA8A6700DCA32F /* Project object */ = {
			isa = PBXProject;
			attributes = {
				BuildIndependentTargetsInParallel = 1;
				LastSwiftUpdateCheck = 1500;
				LastUpgradeCheck = 1500;
				TargetAttributes = {
					D8323C4B2AFA8A6700DCA32F = {
						CreatedOnToolsVersion = 15.0;
					};
				};
			};
			buildConfigurationList = D8323C472AFA8A6700DCA32F /* Build configuration list for PBXProject "VIPER" */;
			compatibilityVersion = "Xcode 14.0";
			developmentRegion = en;
			hasScannedForEncodings = 0;
			knownRegions = (
				en,
				Base,
			);
			mainGroup = D8323C432AFA8A6700DCA32F;
			productRefGroup = D8323C4D2AFA8A6700DCA32F /* Products */;
			projectDirPath = "";
			projectRoot = "";
			targets = (
				D8323C4B2AFA8A6700DCA32F /* VIPER */,
			);
		};
/* End PBXProject section */

/* Begin PBXResourcesBuildPhase section */
		D8323C4A2AFA8A6700DCA32F /* Resources */ = {
			isa = PBXResourcesBuildPhase;
			buildActionMask = 2147483647;
			files = (
				D8323C5C2AFA8A6900DCA32F /* LaunchScreen.storyboard in Resources */,
				D8323C592AFA8A6900DCA32F /* Assets.xcassets in Resources */,
			);
			runOnlyForDeploymentPostprocessing = 0;
		};
/* End PBXResourcesBuildPhase section */

/* Begin PBXSourcesBuildPhase section */
		D8323C482AFA8A6700DCA32F /* Sources */ = {
			isa = PBXSourcesBuildPhase;
			buildActionMask = 2147483647;
			files = (
				D8323C692AFA8BC700DCA32F /* WeatherService.swift in Sources */,
				D8323C6C2AFA8D9200DCA32F /* WelcomePresenter.swift in Sources */,
				D818B9862AFD426A003C9BB6 /* ImageViewerPresenter.swift in Sources */,
				D8323C6E2AFA8E0A00DCA32F /* WelcomeInteractor.swift in Sources */,
				D8323C702AFA8E2F00DCA32F /* WelcomeRouter.swift in Sources */,
				D818B98E2AFD44B4003C9BB6 /* ImagesService.swift in Sources */,
				D818B9842AFD41D7003C9BB6 /* ImageViewerViewController.swift in Sources */,
				D8323C542AFA8A6700DCA32F /* WelcomeViewController.swift in Sources */,
				D818B9812AFBDC4F003C9BB6 /* Extensions.swift in Sources */,
				D8323C722AFA8F2E00DCA32F /* WelcomeModuleBuilder.swift in Sources */,
				D8323C502AFA8A6700DCA32F /* AppDelegate.swift in Sources */,
				D8323C522AFA8A6700DCA32F /* SceneDelegate.swift in Sources */,
				D8323C672AFA8BBB00DCA32F /* DateService.swift in Sources */,
				D818B98A2AFD428A003C9BB6 /* ImageViewerRouter.swift in Sources */,
				D8C2C4EB2B17334600C1B545 /* Label.swift in Sources */,
				D818B9882AFD4276003C9BB6 /* ImageViewerInteractor.swift in Sources */,
				D818B98C2AFD4296003C9BB6 /* ImageViewerModuleBuilder.swift in Sources */,
				D8C2C4E92B172FB800C1B545 /* Button.swift in Sources */,
			);
			runOnlyForDeploymentPostprocessing = 0;
		};
/* End PBXSourcesBuildPhase section */

/* Begin PBXVariantGroup section */
		D8323C5A2AFA8A6900DCA32F /* LaunchScreen.storyboard */ = {
			isa = PBXVariantGroup;
			children = (
				D8323C5B2AFA8A6900DCA32F /* Base */,
			);
			name = LaunchScreen.storyboard;
			sourceTree = "<group>";
		};
/* End PBXVariantGroup section */

/* Begin XCBuildConfiguration section */
		D8323C5E2AFA8A6900DCA32F /* Debug */ = {
			isa = XCBuildConfiguration;
			buildSettings = {
				ALWAYS_SEARCH_USER_PATHS = NO;
				ASSETCATALOG_COMPILER_GENERATE_SWIFT_ASSET_SYMBOL_EXTENSIONS = YES;
				CLANG_ANALYZER_NONNULL = YES;
				CLANG_ANALYZER_NUMBER_OBJECT_CONVERSION = YES_AGGRESSIVE;
				CLANG_CXX_LANGUAGE_STANDARD = "gnu++20";
				CLANG_ENABLE_MODULES = YES;
				CLANG_ENABLE_OBJC_ARC = YES;
				CLANG_ENABLE_OBJC_WEAK = YES;
				CLANG_WARN_BLOCK_CAPTURE_AUTORELEASING = YES;
				CLANG_WARN_BOOL_CONVERSION = YES;
				CLANG_WARN_COMMA = YES;
				CLANG_WARN_CONSTANT_CONVERSION = YES;
				CLANG_WARN_DEPRECATED_OBJC_IMPLEMENTATIONS = YES;
				CLANG_WARN_DIRECT_OBJC_ISA_USAGE = YES_ERROR;
				CLANG_WARN_DOCUMENTATION_COMMENTS = YES;
				CLANG_WARN_EMPTY_BODY = YES;
				CLANG_WARN_ENUM_CONVERSION = YES;
				CLANG_WARN_INFINITE_RECURSION = YES;
				CLANG_WARN_INT_CONVERSION = YES;
				CLANG_WARN_NON_LITERAL_NULL_CONVERSION = YES;
				CLANG_WARN_OBJC_IMPLICIT_RETAIN_SELF = YES;
				CLANG_WARN_OBJC_LITERAL_CONVERSION = YES;
				CLANG_WARN_OBJC_ROOT_CLASS = YES_ERROR;
				CLANG_WARN_QUOTED_INCLUDE_IN_FRAMEWORK_HEADER = YES;
				CLANG_WARN_RANGE_LOOP_ANALYSIS = YES;
				CLANG_WARN_STRICT_PROTOTYPES = YES;
				CLANG_WARN_SUSPICIOUS_MOVE = YES;
				CLANG_WARN_UNGUARDED_AVAILABILITY = YES_AGGRESSIVE;
				CLANG_WARN_UNREACHABLE_CODE = YES;
				CLANG_WARN__DUPLICATE_METHOD_MATCH = YES;
				COPY_PHASE_STRIP = NO;
				DEBUG_INFORMATION_FORMAT = dwarf;
				ENABLE_STRICT_OBJC_MSGSEND = YES;
				ENABLE_TESTABILITY = YES;
				ENABLE_USER_SCRIPT_SANDBOXING = YES;
				GCC_C_LANGUAGE_STANDARD = gnu17;
				GCC_DYNAMIC_NO_PIC = NO;
				GCC_NO_COMMON_BLOCKS = YES;
				GCC_OPTIMIZATION_LEVEL = 0;
				GCC_PREPROCESSOR_DEFINITIONS = (
					"DEBUG=1",
					"$(inherited)",
				);
				GCC_WARN_64_TO_32_BIT_CONVERSION = YES;
				GCC_WARN_ABOUT_RETURN_TYPE = YES_ERROR;
				GCC_WARN_UNDECLARED_SELECTOR = YES;
				GCC_WARN_UNINITIALIZED_AUTOS = YES_AGGRESSIVE;
				GCC_WARN_UNUSED_FUNCTION = YES;
				GCC_WARN_UNUSED_VARIABLE = YES;
				IPHONEOS_DEPLOYMENT_TARGET = 17.0;
				LOCALIZATION_PREFERS_STRING_CATALOGS = YES;
				MTL_ENABLE_DEBUG_INFO = INCLUDE_SOURCE;
				MTL_FAST_MATH = YES;
				ONLY_ACTIVE_ARCH = YES;
				SDKROOT = iphoneos;
				SWIFT_ACTIVE_COMPILATION_CONDITIONS = "DEBUG $(inherited)";
				SWIFT_OPTIMIZATION_LEVEL = "-Onone";
			};
			name = Debug;
		};
		D8323C5F2AFA8A6900DCA32F /* Release */ = {
			isa = XCBuildConfiguration;
			buildSettings = {
				ALWAYS_SEARCH_USER_PATHS = NO;
				ASSETCATALOG_COMPILER_GENERATE_SWIFT_ASSET_SYMBOL_EXTENSIONS = YES;
				CLANG_ANALYZER_NONNULL = YES;
				CLANG_ANALYZER_NUMBER_OBJECT_CONVERSION = YES_AGGRESSIVE;
				CLANG_CXX_LANGUAGE_STANDARD = "gnu++20";
				CLANG_ENABLE_MODULES = YES;
				CLANG_ENABLE_OBJC_ARC = YES;
				CLANG_ENABLE_OBJC_WEAK = YES;
				CLANG_WARN_BLOCK_CAPTURE_AUTORELEASING = YES;
				CLANG_WARN_BOOL_CONVERSION = YES;
				CLANG_WARN_COMMA = YES;
				CLANG_WARN_CONSTANT_CONVERSION = YES;
				CLANG_WARN_DEPRECATED_OBJC_IMPLEMENTATIONS = YES;
				CLANG_WARN_DIRECT_OBJC_ISA_USAGE = YES_ERROR;
				CLANG_WARN_DOCUMENTATION_COMMENTS = YES;
				CLANG_WARN_EMPTY_BODY = YES;
				CLANG_WARN_ENUM_CONVERSION = YES;
				CLANG_WARN_INFINITE_RECURSION = YES;
				CLANG_WARN_INT_CONVERSION = YES;
				CLANG_WARN_NON_LITERAL_NULL_CONVERSION = YES;
				CLANG_WARN_OBJC_IMPLICIT_RETAIN_SELF = YES;
				CLANG_WARN_OBJC_LITERAL_CONVERSION = YES;
				CLANG_WARN_OBJC_ROOT_CLASS = YES_ERROR;
				CLANG_WARN_QUOTED_INCLUDE_IN_FRAMEWORK_HEADER = YES;
				CLANG_WARN_RANGE_LOOP_ANALYSIS = YES;
				CLANG_WARN_STRICT_PROTOTYPES = YES;
				CLANG_WARN_SUSPICIOUS_MOVE = YES;
				CLANG_WARN_UNGUARDED_AVAILABILITY = YES_AGGRESSIVE;
				CLANG_WARN_UNREACHABLE_CODE = YES;
				CLANG_WARN__DUPLICATE_METHOD_MATCH = YES;
				COPY_PHASE_STRIP = NO;
				DEBUG_INFORMATION_FORMAT = "dwarf-with-dsym";
				ENABLE_NS_ASSERTIONS = NO;
				ENABLE_STRICT_OBJC_MSGSEND = YES;
				ENABLE_USER_SCRIPT_SANDBOXING = YES;
				GCC_C_LANGUAGE_STANDARD = gnu17;
				GCC_NO_COMMON_BLOCKS = YES;
				GCC_WARN_64_TO_32_BIT_CONVERSION = YES;
				GCC_WARN_ABOUT_RETURN_TYPE = YES_ERROR;
				GCC_WARN_UNDECLARED_SELECTOR = YES;
				GCC_WARN_UNINITIALIZED_AUTOS = YES_AGGRESSIVE;
				GCC_WARN_UNUSED_FUNCTION = YES;
				GCC_WARN_UNUSED_VARIABLE = YES;
				IPHONEOS_DEPLOYMENT_TARGET = 17.0;
				LOCALIZATION_PREFERS_STRING_CATALOGS = YES;
				MTL_ENABLE_DEBUG_INFO = NO;
				MTL_FAST_MATH = YES;
				SDKROOT = iphoneos;
				SWIFT_COMPILATION_MODE = wholemodule;
				VALIDATE_PRODUCT = YES;
			};
			name = Release;
		};
		D8323C612AFA8A6900DCA32F /* Debug */ = {
			isa = XCBuildConfiguration;
			buildSettings = {
				ASSETCATALOG_COMPILER_APPICON_NAME = AppIcon;
				ASSETCATALOG_COMPILER_GLOBAL_ACCENT_COLOR_NAME = AccentColor;
				CODE_SIGN_STYLE = Automatic;
				CURRENT_PROJECT_VERSION = 1;
				DEVELOPMENT_TEAM = 5MC88K2KB8;
				GENERATE_INFOPLIST_FILE = YES;
				INFOPLIST_FILE = VIPER/Resources/Info.plist;
				INFOPLIST_KEY_UIApplicationSupportsIndirectInputEvents = YES;
				INFOPLIST_KEY_UILaunchStoryboardName = LaunchScreen;
				INFOPLIST_KEY_UISupportedInterfaceOrientations_iPad = "UIInterfaceOrientationPortrait UIInterfaceOrientationPortraitUpsideDown UIInterfaceOrientationLandscapeLeft UIInterfaceOrientationLandscapeRight";
				INFOPLIST_KEY_UISupportedInterfaceOrientations_iPhone = "UIInterfaceOrientationPortrait UIInterfaceOrientationLandscapeLeft UIInterfaceOrientationLandscapeRight";
				LD_RUNPATH_SEARCH_PATHS = (
					"$(inherited)",
					"@executable_path/Frameworks",
				);
				MARKETING_VERSION = 1.0;
				PRODUCT_BUNDLE_IDENTIFIER = com.education.VIPER;
				PRODUCT_NAME = "$(TARGET_NAME)";
				SWIFT_EMIT_LOC_STRINGS = YES;
				SWIFT_VERSION = 5.0;
				TARGETED_DEVICE_FAMILY = "1,2";
			};
			name = Debug;
		};
		D8323C622AFA8A6900DCA32F /* Release */ = {
			isa = XCBuildConfiguration;
			buildSettings = {
				ASSETCATALOG_COMPILER_APPICON_NAME = AppIcon;
				ASSETCATALOG_COMPILER_GLOBAL_ACCENT_COLOR_NAME = AccentColor;
				CODE_SIGN_STYLE = Automatic;
				CURRENT_PROJECT_VERSION = 1;
				DEVELOPMENT_TEAM = 5MC88K2KB8;
				GENERATE_INFOPLIST_FILE = YES;
				INFOPLIST_FILE = VIPER/Resources/Info.plist;
				INFOPLIST_KEY_UIApplicationSupportsIndirectInputEvents = YES;
				INFOPLIST_KEY_UILaunchStoryboardName = LaunchScreen;
				INFOPLIST_KEY_UISupportedInterfaceOrientations_iPad = "UIInterfaceOrientationPortrait UIInterfaceOrientationPortraitUpsideDown UIInterfaceOrientationLandscapeLeft UIInterfaceOrientationLandscapeRight";
				INFOPLIST_KEY_UISupportedInterfaceOrientations_iPhone = "UIInterfaceOrientationPortrait UIInterfaceOrientationLandscapeLeft UIInterfaceOrientationLandscapeRight";
				LD_RUNPATH_SEARCH_PATHS = (
					"$(inherited)",
					"@executable_path/Frameworks",
				);
				MARKETING_VERSION = 1.0;
				PRODUCT_BUNDLE_IDENTIFIER = com.education.VIPER;
				PRODUCT_NAME = "$(TARGET_NAME)";
				SWIFT_EMIT_LOC_STRINGS = YES;
				SWIFT_VERSION = 5.0;
				TARGETED_DEVICE_FAMILY = "1,2";
			};
			name = Release;
		};
/* End XCBuildConfiguration section */

/* Begin XCConfigurationList section */
		D8323C472AFA8A6700DCA32F /* Build configuration list for PBXProject "VIPER" */ = {
			isa = XCConfigurationList;
			buildConfigurations = (
				D8323C5E2AFA8A6900DCA32F /* Debug */,
				D8323C5F2AFA8A6900DCA32F /* Release */,
			);
			defaultConfigurationIsVisible = 0;
			defaultConfigurationName = Release;
		};
		D8323C602AFA8A6900DCA32F /* Build configuration list for PBXNativeTarget "VIPER" */ = {
			isa = XCConfigurationList;
			buildConfigurations = (
				D8323C612AFA8A6900DCA32F /* Debug */,
				D8323C622AFA8A6900DCA32F /* Release */,
			);
			defaultConfigurationIsVisible = 0;
			defaultConfigurationName = Release;
		};
/* End XCConfigurationList section */
	};
	rootObject = D8323C442AFA8A6700DCA32F /* Project object */;
}
